
Microsoft Visual Studio Solution File, Format Version 12.00
# Visual Studio Version 16
VisualStudioVersion = 16.0.30804.86
MinimumVisualStudioVersion = 10.0.40219.1
Project("{2150E333-8FDC-42A3-9474-1A3956D46DE8}") = "Logic", "Logic", "{D1FB0712-EE1C-4811-B9D3-95B851E0C304}"
EndProject
Project("{2150E333-8FDC-42A3-9474-1A3956D46DE8}") = "UI", "UI", "{BD718AEC-17B3-4688-BD39-0A881E6FF866}"
EndProject
Project("{2150E333-8FDC-42A3-9474-1A3956D46DE8}") = "_Shared", "_Shared", "{7D67791F-AF67-48BE-8B6E-82031FA329D9}"
	ProjectSection(SolutionItems) = preProject
		_Shared\SharedAssemblyInfo.cs = _Shared\SharedAssemblyInfo.cs
	EndProjectSection
EndProject
Project("{FAE04EC0-301F-11D3-BF4B-00C04F79EFBC}") = "UI.Desktop", "UI\UI.Desktop\UI.Desktop.csproj", "{CF571FB9-DD5B-4C89-914B-D785FD4DFB38}"
EndProject
Project("{FAE04EC0-301F-11D3-BF4B-00C04F79EFBC}") = "Logic.Core", "Logic\Logic.Core\Logic.Core.csproj", "{7562E2CC-065B-41E1-996B-A82616620DA8}"
EndProject
Project("{FAE04EC0-301F-11D3-BF4B-00C04F79EFBC}") = "Logic.UI", "Logic\Logic.UI\Logic.UI.csproj", "{E521DA07-4C6C-4982-9BD6-82E744B5EE44}"
EndProject
Project("{FAE04EC0-301F-11D3-BF4B-00C04F79EFBC}") = "Logic.Messages", "Logic\Logic.Messages\Logic.Messages.csproj", "{D8F93673-9E8E-4F2E-8B59-82D3ABB3BB59}"
EndProject
Project("{2150E333-8FDC-42A3-9474-1A3956D46DE8}") = "Data", "Data", "{F56F2D4B-D131-4993-A2FE-8C8700E92CBA}"
EndProject
Project("{9A19103F-16F7-4668-BE54-9A1E7A4F7556}") = "Data.Infrastructure", "Data\Data.Infrastructure\Data.Infrastructure.csproj", "{9742E7E0-E88E-4923-A778-18F432D1151E}"
EndProject
Project("{FAE04EC0-301F-11D3-BF4B-00C04F79EFBC}") = "Data.Types", "Data\Data.Types\Data.Types.csproj", "{1EFE202D-5483-4BF1-ABD5-1E52A2412EF2}"
EndProject
Project("{FAE04EC0-301F-11D3-BF4B-00C04F79EFBC}") = "Data.Entity", "Data\Data.Model\Data.Entity.csproj", "{96B5ABF1-B481-4ADC-B42E-49FC1839E15F}"
EndProject
Project("{FAE04EC0-301F-11D3-BF4B-00C04F79EFBC}") = "Logic.Models", "Logic\Logic.Models\Logic.Models.csproj", "{C57D4B4A-936C-49F4-BDAE-CB36093755E6}"
EndProject
Global
	GlobalSection(SolutionConfigurationPlatforms) = preSolution
		Debug|Any CPU = Debug|Any CPU
		Release|Any CPU = Release|Any CPU
	EndGlobalSection
	GlobalSection(ProjectConfigurationPlatforms) = postSolution
		{CF571FB9-DD5B-4C89-914B-D785FD4DFB38}.Debug|Any CPU.ActiveCfg = Debug|Any CPU
		{CF571FB9-DD5B-4C89-914B-D785FD4DFB38}.Debug|Any CPU.Build.0 = Debug|Any CPU
		{CF571FB9-DD5B-4C89-914B-D785FD4DFB38}.Release|Any CPU.ActiveCfg = Release|Any CPU
		{CF571FB9-DD5B-4C89-914B-D785FD4DFB38}.Release|Any CPU.Build.0 = Release|Any CPU
		{7562E2CC-065B-41E1-996B-A82616620DA8}.Debug|Any CPU.ActiveCfg = Debug|Any CPU
		{7562E2CC-065B-41E1-996B-A82616620DA8}.Debug|Any CPU.Build.0 = Debug|Any CPU
		{7562E2CC-065B-41E1-996B-A82616620DA8}.Release|Any CPU.ActiveCfg = Release|Any CPU
		{7562E2CC-065B-41E1-996B-A82616620DA8}.Release|Any CPU.Build.0 = Release|Any CPU
		{E521DA07-4C6C-4982-9BD6-82E744B5EE44}.Debug|Any CPU.ActiveCfg = Debug|Any CPU
		{E521DA07-4C6C-4982-9BD6-82E744B5EE44}.Debug|Any CPU.Build.0 = Debug|Any CPU
		{E521DA07-4C6C-4982-9BD6-82E744B5EE44}.Release|Any CPU.ActiveCfg = Release|Any CPU
		{E521DA07-4C6C-4982-9BD6-82E744B5EE44}.Release|Any CPU.Build.0 = Release|Any CPU
		{D8F93673-9E8E-4F2E-8B59-82D3ABB3BB59}.Debug|Any CPU.ActiveCfg = Debug|Any CPU
		{D8F93673-9E8E-4F2E-8B59-82D3ABB3BB59}.Debug|Any CPU.Build.0 = Debug|Any CPU
		{D8F93673-9E8E-4F2E-8B59-82D3ABB3BB59}.Release|Any CPU.ActiveCfg = Release|Any CPU
		{D8F93673-9E8E-4F2E-8B59-82D3ABB3BB59}.Release|Any CPU.Build.0 = Release|Any CPU
		{9742E7E0-E88E-4923-A778-18F432D1151E}.Debug|Any CPU.ActiveCfg = Debug|Any CPU
		{9742E7E0-E88E-4923-A778-18F432D1151E}.Debug|Any CPU.Build.0 = Debug|Any CPU
		{9742E7E0-E88E-4923-A778-18F432D1151E}.Release|Any CPU.ActiveCfg = Release|Any CPU
		{9742E7E0-E88E-4923-A778-18F432D1151E}.Release|Any CPU.Build.0 = Release|Any CPU
		{1EFE202D-5483-4BF1-ABD5-1E52A2412EF2}.Debug|Any CPU.ActiveCfg = Debug|Any CPU
		{1EFE202D-5483-4BF1-ABD5-1E52A2412EF2}.Debug|Any CPU.Build.0 = Debug|Any CPU
		{1EFE202D-5483-4BF1-ABD5-1E52A2412EF2}.Release|Any CPU.ActiveCfg = Release|Any CPU
		{1EFE202D-5483-4BF1-ABD5-1E52A2412EF2}.Release|Any CPU.Build.0 = Release|Any CPU
		{96B5ABF1-B481-4ADC-B42E-49FC1839E15F}.Debug|Any CPU.ActiveCfg = Debug|Any CPU
		{96B5ABF1-B481-4ADC-B42E-49FC1839E15F}.Debug|Any CPU.Build.0 = Debug|Any CPU
		{96B5ABF1-B481-4ADC-B42E-49FC1839E15F}.Release|Any CPU.ActiveCfg = Release|Any CPU
		{96B5ABF1-B481-4ADC-B42E-49FC1839E15F}.Release|Any CPU.Build.0 = Release|Any CPU
		{C57D4B4A-936C-49F4-BDAE-CB36093755E6}.Debug|Any CPU.ActiveCfg = Debug|Any CPU
		{C57D4B4A-936C-49F4-BDAE-CB36093755E6}.Debug|Any CPU.Build.0 = Debug|Any CPU
		{C57D4B4A-936C-49F4-BDAE-CB36093755E6}.Release|Any CPU.ActiveCfg = Release|Any CPU
		{C57D4B4A-936C-49F4-BDAE-CB36093755E6}.Release|Any CPU.Build.0 = Release|Any CPU
	EndGlobalSection
	GlobalSection(SolutionProperties) = preSolution
		HideSolutionNode = FALSE
	EndGlobalSection
	GlobalSection(NestedProjects) = preSolution
		{CF571FB9-DD5B-4C89-914B-D785FD4DFB38} = {BD718AEC-17B3-4688-BD39-0A881E6FF866}
		{7562E2CC-065B-41E1-996B-A82616620DA8} = {D1FB0712-EE1C-4811-B9D3-95B851E0C304}
		{E521DA07-4C6C-4982-9BD6-82E744B5EE44} = {D1FB0712-EE1C-4811-B9D3-95B851E0C304}
		{D8F93673-9E8E-4F2E-8B59-82D3ABB3BB59} = {D1FB0712-EE1C-4811-B9D3-95B851E0C304}
		{9742E7E0-E88E-4923-A778-18F432D1151E} = {F56F2D4B-D131-4993-A2FE-8C8700E92CBA}
		{1EFE202D-5483-4BF1-ABD5-1E52A2412EF2} = {F56F2D4B-D131-4993-A2FE-8C8700E92CBA}
		{96B5ABF1-B481-4ADC-B42E-49FC1839E15F} = {F56F2D4B-D131-4993-A2FE-8C8700E92CBA}
		{C57D4B4A-936C-49F4-BDAE-CB36093755E6} = {D1FB0712-EE1C-4811-B9D3-95B851E0C304}
	EndGlobalSection
	GlobalSection(ExtensibilityGlobals) = postSolution
		SolutionGuid = {729E25D0-18A2-4637-8544-587993F3047D}
	EndGlobalSection
EndGlobal
