
Microsoft Visual Studio Solution File, Format Version 12.00
# Visual Studio Version 16
VisualStudioVersion = 16.0.30804.86
MinimumVisualStudioVersion = 10.0.40219.1
Project("{2150E333-8FDC-42A3-9474-1A3956D46DE8}") = "Logic", "Logic", "{D1FB0712-EE1C-4811-B9D3-95B851E0C304}"
EndProject
Project("{2150E333-8FDC-42A3-9474-1A3956D46DE8}") = "UI", "UI", "{BD718AEC-17B3-4688-BD39-0A881E6FF866}"
EndProject
Project("{2150E333-8FDC-42A3-9474-1A3956D46DE8}") = "Data", "Data", "{F56F2D4B-D131-4993-A2FE-8C8700E92CBA}"
EndProject
Project("{2150E333-8FDC-42A3-9474-1A3956D46DE8}") = "Setup", "Setup", "{12DDC605-94EE-48E6-AAE9-DED49E77B904}"
EndProject
Project("{930C7802-8A8C-48F9-8165-68863BCCD9DD}") = "Setup", "Setup\Setup\Setup.wixproj", "{B882430E-83DA-47BB-809B-5D567D5D5FF3}"
EndProject
Project("{FAE04EC0-301F-11D3-BF4B-00C04F79EFBC}") = "Data.Model", "Data\Data.Model\Data.Model.csproj", "{FE94F29E-EBB6-4378-B860-5495E1BB4E9A}"
EndProject
Project("{FAE04EC0-301F-11D3-BF4B-00C04F79EFBC}") = "Data.Types", "Data\Data.Types\Data.Types.csproj", "{D4B40D04-21A0-4B6F-B2C5-42365471C8C4}"
EndProject
Project("{FAE04EC0-301F-11D3-BF4B-00C04F79EFBC}") = "Logic.Core", "Logic\Logic.Core\Logic.Core.csproj", "{AF07E4A3-F05D-46BC-941E-7C63700A0830}"
EndProject
Project("{FAE04EC0-301F-11D3-BF4B-00C04F79EFBC}") = "Logic.Messages", "Logic\Logic.Messages\Logic.Messages.csproj", "{BBBBCD77-8DDB-4206-8C1E-84B8F4ED0B78}"
EndProject
Project("{FAE04EC0-301F-11D3-BF4B-00C04F79EFBC}") = "Logic.UI", "Logic\Logic.UI\Logic.UI.csproj", "{CC778CE1-E375-43FE-95F4-3A6E75A7CCBE}"
EndProject
Project("{FAE04EC0-301F-11D3-BF4B-00C04F79EFBC}") = "UI.Desktop", "UI\UI.Desktop\UI.Desktop.csproj", "{BC77F8D3-2E73-42DF-88B5-C431EB668073}"
EndProject
Global
	GlobalSection(SolutionConfigurationPlatforms) = preSolution
		Debug|Any CPU = Debug|Any CPU
		Debug|x86 = Debug|x86
		Release|Any CPU = Release|Any CPU
		Release|x86 = Release|x86
	EndGlobalSection
	GlobalSection(ProjectConfigurationPlatforms) = postSolution
		{B882430E-83DA-47BB-809B-5D567D5D5FF3}.Debug|Any CPU.ActiveCfg = Debug|x86
		{B882430E-83DA-47BB-809B-5D567D5D5FF3}.Debug|x86.ActiveCfg = Debug|x86
		{B882430E-83DA-47BB-809B-5D567D5D5FF3}.Debug|x86.Build.0 = Debug|x86
		{B882430E-83DA-47BB-809B-5D567D5D5FF3}.Release|Any CPU.ActiveCfg = Release|x86
		{B882430E-83DA-47BB-809B-5D567D5D5FF3}.Release|x86.ActiveCfg = Release|x86
		{B882430E-83DA-47BB-809B-5D567D5D5FF3}.Release|x86.Build.0 = Release|x86
		{FE94F29E-EBB6-4378-B860-5495E1BB4E9A}.Debug|Any CPU.ActiveCfg = Debug|Any CPU
		{FE94F29E-EBB6-4378-B860-5495E1BB4E9A}.Debug|Any CPU.Build.0 = Debug|Any CPU
		{FE94F29E-EBB6-4378-B860-5495E1BB4E9A}.Debug|x86.ActiveCfg = Debug|Any CPU
		{FE94F29E-EBB6-4378-B860-5495E1BB4E9A}.Debug|x86.Build.0 = Debug|Any CPU
		{FE94F29E-EBB6-4378-B860-5495E1BB4E9A}.Release|Any CPU.ActiveCfg = Release|Any CPU
		{FE94F29E-EBB6-4378-B860-5495E1BB4E9A}.Release|Any CPU.Build.0 = Release|Any CPU
		{FE94F29E-EBB6-4378-B860-5495E1BB4E9A}.Release|x86.ActiveCfg = Release|Any CPU
		{FE94F29E-EBB6-4378-B860-5495E1BB4E9A}.Release|x86.Build.0 = Release|Any CPU
		{D4B40D04-21A0-4B6F-B2C5-42365471C8C4}.Debug|Any CPU.ActiveCfg = Debug|Any CPU
		{D4B40D04-21A0-4B6F-B2C5-42365471C8C4}.Debug|Any CPU.Build.0 = Debug|Any CPU
		{D4B40D04-21A0-4B6F-B2C5-42365471C8C4}.Debug|x86.ActiveCfg = Debug|Any CPU
		{D4B40D04-21A0-4B6F-B2C5-42365471C8C4}.Debug|x86.Build.0 = Debug|Any CPU
		{D4B40D04-21A0-4B6F-B2C5-42365471C8C4}.Release|Any CPU.ActiveCfg = Release|Any CPU
		{D4B40D04-21A0-4B6F-B2C5-42365471C8C4}.Release|Any CPU.Build.0 = Release|Any CPU
		{D4B40D04-21A0-4B6F-B2C5-42365471C8C4}.Release|x86.ActiveCfg = Release|Any CPU
		{D4B40D04-21A0-4B6F-B2C5-42365471C8C4}.Release|x86.Build.0 = Release|Any CPU
		{AF07E4A3-F05D-46BC-941E-7C63700A0830}.Debug|Any CPU.ActiveCfg = Debug|Any CPU
		{AF07E4A3-F05D-46BC-941E-7C63700A0830}.Debug|Any CPU.Build.0 = Debug|Any CPU
		{AF07E4A3-F05D-46BC-941E-7C63700A0830}.Debug|x86.ActiveCfg = Debug|Any CPU
		{AF07E4A3-F05D-46BC-941E-7C63700A0830}.Debug|x86.Build.0 = Debug|Any CPU
		{AF07E4A3-F05D-46BC-941E-7C63700A0830}.Release|Any CPU.ActiveCfg = Release|Any CPU
		{AF07E4A3-F05D-46BC-941E-7C63700A0830}.Release|Any CPU.Build.0 = Release|Any CPU
		{AF07E4A3-F05D-46BC-941E-7C63700A0830}.Release|x86.ActiveCfg = Release|Any CPU
		{AF07E4A3-F05D-46BC-941E-7C63700A0830}.Release|x86.Build.0 = Release|Any CPU
		{BBBBCD77-8DDB-4206-8C1E-84B8F4ED0B78}.Debug|Any CPU.ActiveCfg = Debug|Any CPU
		{BBBBCD77-8DDB-4206-8C1E-84B8F4ED0B78}.Debug|Any CPU.Build.0 = Debug|Any CPU
		{BBBBCD77-8DDB-4206-8C1E-84B8F4ED0B78}.Debug|x86.ActiveCfg = Debug|Any CPU
		{BBBBCD77-8DDB-4206-8C1E-84B8F4ED0B78}.Debug|x86.Build.0 = Debug|Any CPU
		{BBBBCD77-8DDB-4206-8C1E-84B8F4ED0B78}.Release|Any CPU.ActiveCfg = Release|Any CPU
		{BBBBCD77-8DDB-4206-8C1E-84B8F4ED0B78}.Release|Any CPU.Build.0 = Release|Any CPU
		{BBBBCD77-8DDB-4206-8C1E-84B8F4ED0B78}.Release|x86.ActiveCfg = Release|Any CPU
		{BBBBCD77-8DDB-4206-8C1E-84B8F4ED0B78}.Release|x86.Build.0 = Release|Any CPU
		{CC778CE1-E375-43FE-95F4-3A6E75A7CCBE}.Debug|Any CPU.ActiveCfg = Debug|Any CPU
		{CC778CE1-E375-43FE-95F4-3A6E75A7CCBE}.Debug|Any CPU.Build.0 = Debug|Any CPU
		{CC778CE1-E375-43FE-95F4-3A6E75A7CCBE}.Debug|x86.ActiveCfg = Debug|Any CPU
		{CC778CE1-E375-43FE-95F4-3A6E75A7CCBE}.Debug|x86.Build.0 = Debug|Any CPU
		{CC778CE1-E375-43FE-95F4-3A6E75A7CCBE}.Release|Any CPU.ActiveCfg = Release|Any CPU
		{CC778CE1-E375-43FE-95F4-3A6E75A7CCBE}.Release|Any CPU.Build.0 = Release|Any CPU
		{CC778CE1-E375-43FE-95F4-3A6E75A7CCBE}.Release|x86.ActiveCfg = Release|Any CPU
		{CC778CE1-E375-43FE-95F4-3A6E75A7CCBE}.Release|x86.Build.0 = Release|Any CPU
		{BC77F8D3-2E73-42DF-88B5-C431EB668073}.Debug|Any CPU.ActiveCfg = Debug|Any CPU
		{BC77F8D3-2E73-42DF-88B5-C431EB668073}.Debug|Any CPU.Build.0 = Debug|Any CPU
		{BC77F8D3-2E73-42DF-88B5-C431EB668073}.Debug|x86.ActiveCfg = Debug|Any CPU
		{BC77F8D3-2E73-42DF-88B5-C431EB668073}.Debug|x86.Build.0 = Debug|Any CPU
		{BC77F8D3-2E73-42DF-88B5-C431EB668073}.Release|Any CPU.ActiveCfg = Release|Any CPU
		{BC77F8D3-2E73-42DF-88B5-C431EB668073}.Release|Any CPU.Build.0 = Release|Any CPU
		{BC77F8D3-2E73-42DF-88B5-C431EB668073}.Release|x86.ActiveCfg = Release|Any CPU
		{BC77F8D3-2E73-42DF-88B5-C431EB668073}.Release|x86.Build.0 = Release|Any CPU
	EndGlobalSection
	GlobalSection(SolutionProperties) = preSolution
		HideSolutionNode = FALSE
	EndGlobalSection
	GlobalSection(NestedProjects) = preSolution
		{B882430E-83DA-47BB-809B-5D567D5D5FF3} = {12DDC605-94EE-48E6-AAE9-DED49E77B904}
		{FE94F29E-EBB6-4378-B860-5495E1BB4E9A} = {F56F2D4B-D131-4993-A2FE-8C8700E92CBA}
		{D4B40D04-21A0-4B6F-B2C5-42365471C8C4} = {F56F2D4B-D131-4993-A2FE-8C8700E92CBA}
		{AF07E4A3-F05D-46BC-941E-7C63700A0830} = {D1FB0712-EE1C-4811-B9D3-95B851E0C304}
		{BBBBCD77-8DDB-4206-8C1E-84B8F4ED0B78} = {D1FB0712-EE1C-4811-B9D3-95B851E0C304}
		{CC778CE1-E375-43FE-95F4-3A6E75A7CCBE} = {D1FB0712-EE1C-4811-B9D3-95B851E0C304}
		{BC77F8D3-2E73-42DF-88B5-C431EB668073} = {BD718AEC-17B3-4688-BD39-0A881E6FF866}
	EndGlobalSection
	GlobalSection(ExtensibilityGlobals) = postSolution
		SolutionGuid = {729E25D0-18A2-4637-8544-587993F3047D}
	EndGlobalSection
EndGlobal
